
Microsoft Visual Studio Solution File, Format Version 12.00
# Visual Studio 15
VisualStudioVersion = 15.0.27130.2020
MinimumVisualStudioVersion = 10.0.40219.1
Project("{FAE04EC0-301F-11D3-BF4B-00C04F79EFBC}") = "WebApiHelloWorld", "WebApiHelloWorld\WebApiHelloWorld.csproj", "{6082451A-FC8D-49C5-A09E-46D490CE5CC0}"
EndProject
Global
	GlobalSection(SolutionConfigurationPlatforms) = preSolution
		Debug|Any CPU = Debug|Any CPU
		Release|Any CPU = Release|Any CPU
	EndGlobalSection
	GlobalSection(ProjectConfigurationPlatforms) = postSolution
		{6082451A-FC8D-49C5-A09E-46D490CE5CC0}.Debug|Any CPU.ActiveCfg = Debug|Any CPU
		{6082451A-FC8D-49C5-A09E-46D490CE5CC0}.Debug|Any CPU.Build.0 = Debug|Any CPU
		{6082451A-FC8D-49C5-A09E-46D490CE5CC0}.Release|Any CPU.ActiveCfg = Release|Any CPU
		{6082451A-FC8D-49C5-A09E-46D490CE5CC0}.Release|Any CPU.Build.0 = Release|Any CPU
	EndGlobalSection
	GlobalSection(SolutionProperties) = preSolution
		HideSolutionNode = FALSE
	EndGlobalSection
	GlobalSection(ExtensibilityGlobals) = postSolution
		SolutionGuid = {1F62AE3B-0849-4775-8C26-A84F93B71B19}
	EndGlobalSection
EndGlobal
